
Microsoft Visual Studio Solution File, Format Version 12.00
# Visual Studio 14
VisualStudioVersion = 14.0.25123.0
MinimumVisualStudioVersion = 10.0.40219.1
Project("{2150E333-8FDC-42A3-9474-1A3956D46DE8}") = "Engine", "Engine", "{7F6818DA-9DD8-4494-98C1-8315CA376869}"
EndProject
Project("{2150E333-8FDC-42A3-9474-1A3956D46DE8}") = "Games", "Games", "{555124DE-6C44-45F0-8CC0-F58C9EC6E76B}"
EndProject
Project("{8BC9CEB8-8B4A-11D0-8D11-00A0C91BC942}") = "UE4", "Intermediate\ProjectFiles\UE4.vcxproj", "{DDFC279A-0053-4952-8B4A-CE47C09AB5D4}"
EndProject
Project("{8BC9CEB8-8B4A-11D0-8D11-00A0C91BC942}") = "GoldenEgg", "Intermediate\ProjectFiles\GoldenEgg.vcxproj", "{769CDE9C-F79C-4B1B-9F71-DF24F7C93219}"
EndProject
Global
	GlobalSection(SolutionConfigurationPlatforms) = preSolution
		DebugGame Editor|HTML5 = DebugGame Editor|HTML5
		DebugGame Editor|Win32 = DebugGame Editor|Win32
		DebugGame Editor|Win64 = DebugGame Editor|Win64
		DebugGame|HTML5 = DebugGame|HTML5
		DebugGame|Win32 = DebugGame|Win32
		DebugGame|Win64 = DebugGame|Win64
		Development Editor|HTML5 = Development Editor|HTML5
		Development Editor|Win32 = Development Editor|Win32
		Development Editor|Win64 = Development Editor|Win64
		Development|HTML5 = Development|HTML5
		Development|Win32 = Development|Win32
		Development|Win64 = Development|Win64
		Shipping|HTML5 = Shipping|HTML5
		Shipping|Win32 = Shipping|Win32
		Shipping|Win64 = Shipping|Win64
	EndGlobalSection
	GlobalSection(ProjectConfigurationPlatforms) = postSolution
		{DDFC279A-0053-4952-8B4A-CE47C09AB5D4}.DebugGame Editor|HTML5.ActiveCfg = BuiltWithUnrealBuildTool|Win32
		{DDFC279A-0053-4952-8B4A-CE47C09AB5D4}.DebugGame Editor|HTML5.Build.0 = BuiltWithUnrealBuildTool|Win32
		{DDFC279A-0053-4952-8B4A-CE47C09AB5D4}.DebugGame Editor|Win32.ActiveCfg = BuiltWithUnrealBuildTool|Win32
		{DDFC279A-0053-4952-8B4A-CE47C09AB5D4}.DebugGame Editor|Win32.Build.0 = BuiltWithUnrealBuildTool|Win32
		{DDFC279A-0053-4952-8B4A-CE47C09AB5D4}.DebugGame Editor|Win64.ActiveCfg = BuiltWithUnrealBuildTool|Win32
		{DDFC279A-0053-4952-8B4A-CE47C09AB5D4}.DebugGame Editor|Win64.Build.0 = BuiltWithUnrealBuildTool|Win32
		{DDFC279A-0053-4952-8B4A-CE47C09AB5D4}.DebugGame|HTML5.ActiveCfg = BuiltWithUnrealBuildTool|Win32
		{DDFC279A-0053-4952-8B4A-CE47C09AB5D4}.DebugGame|HTML5.Build.0 = BuiltWithUnrealBuildTool|Win32
		{DDFC279A-0053-4952-8B4A-CE47C09AB5D4}.DebugGame|Win32.ActiveCfg = BuiltWithUnrealBuildTool|Win32
		{DDFC279A-0053-4952-8B4A-CE47C09AB5D4}.DebugGame|Win32.Build.0 = BuiltWithUnrealBuildTool|Win32
		{DDFC279A-0053-4952-8B4A-CE47C09AB5D4}.DebugGame|Win64.ActiveCfg = BuiltWithUnrealBuildTool|Win32
		{DDFC279A-0053-4952-8B4A-CE47C09AB5D4}.DebugGame|Win64.Build.0 = BuiltWithUnrealBuildTool|Win32
		{DDFC279A-0053-4952-8B4A-CE47C09AB5D4}.Development Editor|HTML5.ActiveCfg = BuiltWithUnrealBuildTool|Win32
		{DDFC279A-0053-4952-8B4A-CE47C09AB5D4}.Development Editor|HTML5.Build.0 = BuiltWithUnrealBuildTool|Win32
		{DDFC279A-0053-4952-8B4A-CE47C09AB5D4}.Development Editor|Win32.ActiveCfg = BuiltWithUnrealBuildTool|Win32
		{DDFC279A-0053-4952-8B4A-CE47C09AB5D4}.Development Editor|Win32.Build.0 = BuiltWithUnrealBuildTool|Win32
		{DDFC279A-0053-4952-8B4A-CE47C09AB5D4}.Development Editor|Win64.ActiveCfg = BuiltWithUnrealBuildTool|Win32
		{DDFC279A-0053-4952-8B4A-CE47C09AB5D4}.Development Editor|Win64.Build.0 = BuiltWithUnrealBuildTool|Win32
		{DDFC279A-0053-4952-8B4A-CE47C09AB5D4}.Development|HTML5.ActiveCfg = BuiltWithUnrealBuildTool|Win32
		{DDFC279A-0053-4952-8B4A-CE47C09AB5D4}.Development|HTML5.Build.0 = BuiltWithUnrealBuildTool|Win32
		{DDFC279A-0053-4952-8B4A-CE47C09AB5D4}.Development|Win32.ActiveCfg = BuiltWithUnrealBuildTool|Win32
		{DDFC279A-0053-4952-8B4A-CE47C09AB5D4}.Development|Win32.Build.0 = BuiltWithUnrealBuildTool|Win32
		{DDFC279A-0053-4952-8B4A-CE47C09AB5D4}.Development|Win64.ActiveCfg = BuiltWithUnrealBuildTool|Win32
		{DDFC279A-0053-4952-8B4A-CE47C09AB5D4}.Development|Win64.Build.0 = BuiltWithUnrealBuildTool|Win32
		{DDFC279A-0053-4952-8B4A-CE47C09AB5D4}.Shipping|HTML5.ActiveCfg = BuiltWithUnrealBuildTool|Win32
		{DDFC279A-0053-4952-8B4A-CE47C09AB5D4}.Shipping|HTML5.Build.0 = BuiltWithUnrealBuildTool|Win32
		{DDFC279A-0053-4952-8B4A-CE47C09AB5D4}.Shipping|Win32.ActiveCfg = BuiltWithUnrealBuildTool|Win32
		{DDFC279A-0053-4952-8B4A-CE47C09AB5D4}.Shipping|Win32.Build.0 = BuiltWithUnrealBuildTool|Win32
		{DDFC279A-0053-4952-8B4A-CE47C09AB5D4}.Shipping|Win64.ActiveCfg = BuiltWithUnrealBuildTool|Win32
		{DDFC279A-0053-4952-8B4A-CE47C09AB5D4}.Shipping|Win64.Build.0 = BuiltWithUnrealBuildTool|Win32
		{769CDE9C-F79C-4B1B-9F71-DF24F7C93219}.DebugGame Editor|HTML5.ActiveCfg = HTML5_DebugGame_Editor|Win32
		{769CDE9C-F79C-4B1B-9F71-DF24F7C93219}.DebugGame Editor|Win32.ActiveCfg = DebugGame_Editor|Win32
		{769CDE9C-F79C-4B1B-9F71-DF24F7C93219}.DebugGame Editor|Win64.ActiveCfg = DebugGame_Editor|x64
		{769CDE9C-F79C-4B1B-9F71-DF24F7C93219}.DebugGame Editor|Win64.Build.0 = DebugGame_Editor|x64
		{769CDE9C-F79C-4B1B-9F71-DF24F7C93219}.DebugGame|HTML5.ActiveCfg = HTML5_DebugGame_Game|Win32
		{769CDE9C-F79C-4B1B-9F71-DF24F7C93219}.DebugGame|HTML5.Build.0 = HTML5_DebugGame_Game|Win32
		{769CDE9C-F79C-4B1B-9F71-DF24F7C93219}.DebugGame|Win32.ActiveCfg = DebugGame_Game|Win32
		{769CDE9C-F79C-4B1B-9F71-DF24F7C93219}.DebugGame|Win32.Build.0 = DebugGame_Game|Win32
		{769CDE9C-F79C-4B1B-9F71-DF24F7C93219}.DebugGame|Win64.ActiveCfg = DebugGame_Game|x64
		{769CDE9C-F79C-4B1B-9F71-DF24F7C93219}.DebugGame|Win64.Build.0 = DebugGame_Game|x64
		{769CDE9C-F79C-4B1B-9F71-DF24F7C93219}.Development Editor|HTML5.ActiveCfg = HTML5_Development_Editor|Win32
		{769CDE9C-F79C-4B1B-9F71-DF24F7C93219}.Development Editor|Win32.ActiveCfg = Development_Editor|Win32
		{769CDE9C-F79C-4B1B-9F71-DF24F7C93219}.Development Editor|Win64.ActiveCfg = Development_Editor|x64
		{769CDE9C-F79C-4B1B-9F71-DF24F7C93219}.Development Editor|Win64.Build.0 = Development_Editor|x64
		{769CDE9C-F79C-4B1B-9F71-DF24F7C93219}.Development|HTML5.ActiveCfg = HTML5_Development_Game|Win32
		{769CDE9C-F79C-4B1B-9F71-DF24F7C93219}.Development|HTML5.Build.0 = HTML5_Development_Game|Win32
		{769CDE9C-F79C-4B1B-9F71-DF24F7C93219}.Development|Win32.ActiveCfg = Development_Game|Win32
		{769CDE9C-F79C-4B1B-9F71-DF24F7C93219}.Development|Win32.Build.0 = Development_Game|Win32
		{769CDE9C-F79C-4B1B-9F71-DF24F7C93219}.Development|Win64.ActiveCfg = Development_Game|x64
		{769CDE9C-F79C-4B1B-9F71-DF24F7C93219}.Development|Win64.Build.0 = Development_Game|x64
		{769CDE9C-F79C-4B1B-9F71-DF24F7C93219}.Shipping|HTML5.ActiveCfg = HTML5_Shipping_Game|Win32
		{769CDE9C-F79C-4B1B-9F71-DF24F7C93219}.Shipping|HTML5.Build.0 = HTML5_Shipping_Game|Win32
		{769CDE9C-F79C-4B1B-9F71-DF24F7C93219}.Shipping|Win32.ActiveCfg = Shipping_Game|Win32
		{769CDE9C-F79C-4B1B-9F71-DF24F7C93219}.Shipping|Win32.Build.0 = Shipping_Game|Win32
		{769CDE9C-F79C-4B1B-9F71-DF24F7C93219}.Shipping|Win64.ActiveCfg = Shipping_Game|x64
		{769CDE9C-F79C-4B1B-9F71-DF24F7C93219}.Shipping|Win64.Build.0 = Shipping_Game|x64
	EndGlobalSection
	GlobalSection(SolutionProperties) = preSolution
		HideSolutionNode = FALSE
	EndGlobalSection
	GlobalSection(NestedProjects) = preSolution
		{DDFC279A-0053-4952-8B4A-CE47C09AB5D4} = {7F6818DA-9DD8-4494-98C1-8315CA376869}
		{769CDE9C-F79C-4B1B-9F71-DF24F7C93219} = {555124DE-6C44-45F0-8CC0-F58C9EC6E76B}
	EndGlobalSection
EndGlobal
